github.com/go-sql-driver/mysql v1.5.0 h1:ozyZYNQW3x3HtqT1jira07DN2PArx2v7/mN66gGcHOs=
github.com/go-sql-driver/mysql v1.5.0/go.mod h1:DCzpHaOWr8IXmIStZouvnhqoel9Qv2LBy8hT2VhHyBg=
github.com/joho/sqltocsv v0.0.0-20190824231449-5650f27fd5b6 h1:3Jr6Mtili6DsXSF0RwRlAqpOUWXcSVUxdOm5kFPb3xY=
github.com/joho/sqltocsv v0.0.0-20190824231449-5650f27fd5b6/go.mod h1:mAVCUAYtW9NG31eB30umMSLKcDt6mCUWSjoSn5qBh0k=
